
Microsoft Visual Studio Solution File, Format Version 12.00
# Visual Studio Version 16
VisualStudioVersion = 16.0.30114.105
MinimumVisualStudioVersion = 10.0.40219.1
Project("{2150E333-8FDC-42A3-9474-1A3956D46DE8}") = "src", "src", "{BB3C89AE-3536-4CA3-B9DA-C3CE6CD278D0}"
EndProject
Project("{FAE04EC0-301F-11D3-BF4B-00C04F79EFBC}") = "Lemoncode.Books.Domain", "src\Lemoncode.Books.Domain\Lemoncode.Books.Domain.csproj", "{D344688B-ED43-4077-A41C-AEB55B193A50}"
EndProject
Project("{FAE04EC0-301F-11D3-BF4B-00C04F79EFBC}") = "Lemoncode.Books.Application", "src\Lemoncode.Books.Application\Lemoncode.Books.Application.csproj", "{14BA2AC9-C4BC-4358-9A25-40A4789E8CC2}"
EndProject
Project("{FAE04EC0-301F-11D3-BF4B-00C04F79EFBC}") = "Lemoncode.Books.WebApi", "src\Lemoncode.Books.WebApi\Lemoncode.Books.WebApi.csproj", "{4FA05809-0DEF-4732-8C37-6F731419E649}"
EndProject
Project("{2150E333-8FDC-42A3-9474-1A3956D46DE8}") = "test", "test", "{08BF4851-3306-4D12-9321-DB2D361E71B3}"
EndProject
Project("{FAE04EC0-301F-11D3-BF4B-00C04F79EFBC}") = "Lemoncode.Books.FunctionalTests", "test\Lemoncode.Books.FunctionalTests\Lemoncode.Books.FunctionalTests.csproj", "{A611CD6A-130F-4BCB-8188-D5B56155071D}"
EndProject
Global
	GlobalSection(SolutionConfigurationPlatforms) = preSolution
		Debug|Any CPU = Debug|Any CPU
		Release|Any CPU = Release|Any CPU
	EndGlobalSection
	GlobalSection(SolutionProperties) = preSolution
		HideSolutionNode = FALSE
	EndGlobalSection
	GlobalSection(ProjectConfigurationPlatforms) = postSolution
		{D344688B-ED43-4077-A41C-AEB55B193A50}.Debug|Any CPU.ActiveCfg = Debug|Any CPU
		{D344688B-ED43-4077-A41C-AEB55B193A50}.Debug|Any CPU.Build.0 = Debug|Any CPU
		{D344688B-ED43-4077-A41C-AEB55B193A50}.Release|Any CPU.ActiveCfg = Release|Any CPU
		{D344688B-ED43-4077-A41C-AEB55B193A50}.Release|Any CPU.Build.0 = Release|Any CPU
		{14BA2AC9-C4BC-4358-9A25-40A4789E8CC2}.Debug|Any CPU.ActiveCfg = Debug|Any CPU
		{14BA2AC9-C4BC-4358-9A25-40A4789E8CC2}.Debug|Any CPU.Build.0 = Debug|Any CPU
		{14BA2AC9-C4BC-4358-9A25-40A4789E8CC2}.Release|Any CPU.ActiveCfg = Release|Any CPU
		{14BA2AC9-C4BC-4358-9A25-40A4789E8CC2}.Release|Any CPU.Build.0 = Release|Any CPU
		{4FA05809-0DEF-4732-8C37-6F731419E649}.Debug|Any CPU.ActiveCfg = Debug|Any CPU
		{4FA05809-0DEF-4732-8C37-6F731419E649}.Debug|Any CPU.Build.0 = Debug|Any CPU
		{4FA05809-0DEF-4732-8C37-6F731419E649}.Release|Any CPU.ActiveCfg = Release|Any CPU
		{4FA05809-0DEF-4732-8C37-6F731419E649}.Release|Any CPU.Build.0 = Release|Any CPU
		{A611CD6A-130F-4BCB-8188-D5B56155071D}.Debug|Any CPU.ActiveCfg = Debug|Any CPU
		{A611CD6A-130F-4BCB-8188-D5B56155071D}.Debug|Any CPU.Build.0 = Debug|Any CPU
		{A611CD6A-130F-4BCB-8188-D5B56155071D}.Release|Any CPU.ActiveCfg = Release|Any CPU
		{A611CD6A-130F-4BCB-8188-D5B56155071D}.Release|Any CPU.Build.0 = Release|Any CPU
	EndGlobalSection
	GlobalSection(NestedProjects) = preSolution
		{D344688B-ED43-4077-A41C-AEB55B193A50} = {BB3C89AE-3536-4CA3-B9DA-C3CE6CD278D0}
		{14BA2AC9-C4BC-4358-9A25-40A4789E8CC2} = {BB3C89AE-3536-4CA3-B9DA-C3CE6CD278D0}
		{4FA05809-0DEF-4732-8C37-6F731419E649} = {BB3C89AE-3536-4CA3-B9DA-C3CE6CD278D0}
		{A611CD6A-130F-4BCB-8188-D5B56155071D} = {08BF4851-3306-4D12-9321-DB2D361E71B3}
	EndGlobalSection
EndGlobal
